
Microsoft Visual Studio Solution File, Format Version 12.00
# Visual Studio Version 17
VisualStudioVersion = 17.11.35327.3
MinimumVisualStudioVersion = 10.0.40219.1
Project("{9A19103F-16F7-4668-BE54-9A1E7A4F7556}") = "Clinica.Api", "Clinica.Api\Clinica.Api.csproj", "{08BC9FA1-F01B-43B3-848F-9C8C8E2096E8}"
EndProject
Project("{9A19103F-16F7-4668-BE54-9A1E7A4F7556}") = "Clinica.Data", "Clinica.Data\Clinica.Data.csproj", "{57D25CA9-8294-4B4B-8AA6-088D050107BB}"
EndProject
Project("{9A19103F-16F7-4668-BE54-9A1E7A4F7556}") = "Clinica.Domain", "Clinica.Domain\Clinica.Domain.csproj", "{30A0DC34-F60C-4438-B681-CF75368CCF56}"
EndProject
Project("{9A19103F-16F7-4668-BE54-9A1E7A4F7556}") = "Clinica.Utilities", "Clinica.Utilities\Clinica.Utilities.csproj", "{141F7135-3CB9-4F77-9953-CE6121C0E7A0}"
EndProject
Project("{FAE04EC0-301F-11D3-BF4B-00C04F79EFBC}") = "Clinica.BLL", "Clinica.BLL\Clinica.BLL.csproj", "{9315DADF-FAD0-4DF9-AEAC-AA3141FA801D}"
EndProject
Global
	GlobalSection(SolutionConfigurationPlatforms) = preSolution
		Debug|Any CPU = Debug|Any CPU
		Release|Any CPU = Release|Any CPU
	EndGlobalSection
	GlobalSection(ProjectConfigurationPlatforms) = postSolution
		{08BC9FA1-F01B-43B3-848F-9C8C8E2096E8}.Debug|Any CPU.ActiveCfg = Debug|Any CPU
		{08BC9FA1-F01B-43B3-848F-9C8C8E2096E8}.Debug|Any CPU.Build.0 = Debug|Any CPU
		{08BC9FA1-F01B-43B3-848F-9C8C8E2096E8}.Release|Any CPU.ActiveCfg = Release|Any CPU
		{08BC9FA1-F01B-43B3-848F-9C8C8E2096E8}.Release|Any CPU.Build.0 = Release|Any CPU
		{57D25CA9-8294-4B4B-8AA6-088D050107BB}.Debug|Any CPU.ActiveCfg = Debug|Any CPU
		{57D25CA9-8294-4B4B-8AA6-088D050107BB}.Debug|Any CPU.Build.0 = Debug|Any CPU
		{57D25CA9-8294-4B4B-8AA6-088D050107BB}.Release|Any CPU.ActiveCfg = Release|Any CPU
		{57D25CA9-8294-4B4B-8AA6-088D050107BB}.Release|Any CPU.Build.0 = Release|Any CPU
		{30A0DC34-F60C-4438-B681-CF75368CCF56}.Debug|Any CPU.ActiveCfg = Debug|Any CPU
		{30A0DC34-F60C-4438-B681-CF75368CCF56}.Debug|Any CPU.Build.0 = Debug|Any CPU
		{30A0DC34-F60C-4438-B681-CF75368CCF56}.Release|Any CPU.ActiveCfg = Release|Any CPU
		{30A0DC34-F60C-4438-B681-CF75368CCF56}.Release|Any CPU.Build.0 = Release|Any CPU
		{141F7135-3CB9-4F77-9953-CE6121C0E7A0}.Debug|Any CPU.ActiveCfg = Debug|Any CPU
		{141F7135-3CB9-4F77-9953-CE6121C0E7A0}.Debug|Any CPU.Build.0 = Debug|Any CPU
		{141F7135-3CB9-4F77-9953-CE6121C0E7A0}.Release|Any CPU.ActiveCfg = Release|Any CPU
		{141F7135-3CB9-4F77-9953-CE6121C0E7A0}.Release|Any CPU.Build.0 = Release|Any CPU
		{9315DADF-FAD0-4DF9-AEAC-AA3141FA801D}.Debug|Any CPU.ActiveCfg = Debug|Any CPU
		{9315DADF-FAD0-4DF9-AEAC-AA3141FA801D}.Debug|Any CPU.Build.0 = Debug|Any CPU
		{9315DADF-FAD0-4DF9-AEAC-AA3141FA801D}.Release|Any CPU.ActiveCfg = Release|Any CPU
		{9315DADF-FAD0-4DF9-AEAC-AA3141FA801D}.Release|Any CPU.Build.0 = Release|Any CPU
	EndGlobalSection
	GlobalSection(SolutionProperties) = preSolution
		HideSolutionNode = FALSE
	EndGlobalSection
	GlobalSection(ExtensibilityGlobals) = postSolution
		SolutionGuid = {36A81774-4C91-4988-BCC7-B4FB46F9FEC8}
	EndGlobalSection
EndGlobal
